
Microsoft Visual Studio Solution File, Format Version 12.00
# Visual Studio 15
VisualStudioVersion = 15.0.27130.2003
MinimumVisualStudioVersion = 10.0.40219.1
Project("{9A19103F-16F7-4668-BE54-9A1E7A4F7556}") = "GameModel", "GameModel\GameModel.csproj", "{E525950F-ECE5-4014-B6FB-8963EC049804}"
EndProject
Project("{9A19103F-16F7-4668-BE54-9A1E7A4F7556}") = "GameParser", "GameParser\GameParser.csproj", "{524FFC55-E5DA-49B8-9F5D-C6401E5E16D0}"
EndProject
Project("{9A19103F-16F7-4668-BE54-9A1E7A4F7556}") = "GameParserTests", "GameParserTests\GameParserTests.csproj", "{AFEBBA15-02D7-4399-B644-7B8AF42FB000}"
EndProject
Project("{9A19103F-16F7-4668-BE54-9A1E7A4F7556}") = "NaturalConfiguration", "NaturalConfiguration\NaturalConfiguration.csproj", "{ED11BDA6-E2BD-4512-8C3A-19F50CEEA882}"
EndProject
Project("{FAE04EC0-301F-11D3-BF4B-00C04F79EFBC}") = "WebEditor", "WebEditor\WebEditor.csproj", "{028D5D51-31B3-40B6-B944-78290F769B37}"
EndProject
Global
	GlobalSection(SolutionConfigurationPlatforms) = preSolution
		Debug|Any CPU = Debug|Any CPU
		Release|Any CPU = Release|Any CPU
	EndGlobalSection
	GlobalSection(ProjectConfigurationPlatforms) = postSolution
		{E525950F-ECE5-4014-B6FB-8963EC049804}.Debug|Any CPU.ActiveCfg = Debug|Any CPU
		{E525950F-ECE5-4014-B6FB-8963EC049804}.Debug|Any CPU.Build.0 = Debug|Any CPU
		{E525950F-ECE5-4014-B6FB-8963EC049804}.Release|Any CPU.ActiveCfg = Release|Any CPU
		{E525950F-ECE5-4014-B6FB-8963EC049804}.Release|Any CPU.Build.0 = Release|Any CPU
		{524FFC55-E5DA-49B8-9F5D-C6401E5E16D0}.Debug|Any CPU.ActiveCfg = Debug|Any CPU
		{524FFC55-E5DA-49B8-9F5D-C6401E5E16D0}.Debug|Any CPU.Build.0 = Debug|Any CPU
		{524FFC55-E5DA-49B8-9F5D-C6401E5E16D0}.Release|Any CPU.ActiveCfg = Release|Any CPU
		{524FFC55-E5DA-49B8-9F5D-C6401E5E16D0}.Release|Any CPU.Build.0 = Release|Any CPU
		{AFEBBA15-02D7-4399-B644-7B8AF42FB000}.Debug|Any CPU.ActiveCfg = Debug|Any CPU
		{AFEBBA15-02D7-4399-B644-7B8AF42FB000}.Debug|Any CPU.Build.0 = Debug|Any CPU
		{AFEBBA15-02D7-4399-B644-7B8AF42FB000}.Release|Any CPU.ActiveCfg = Release|Any CPU
		{AFEBBA15-02D7-4399-B644-7B8AF42FB000}.Release|Any CPU.Build.0 = Release|Any CPU
		{ED11BDA6-E2BD-4512-8C3A-19F50CEEA882}.Debug|Any CPU.ActiveCfg = Debug|Any CPU
		{ED11BDA6-E2BD-4512-8C3A-19F50CEEA882}.Debug|Any CPU.Build.0 = Debug|Any CPU
		{ED11BDA6-E2BD-4512-8C3A-19F50CEEA882}.Release|Any CPU.ActiveCfg = Release|Any CPU
		{ED11BDA6-E2BD-4512-8C3A-19F50CEEA882}.Release|Any CPU.Build.0 = Release|Any CPU
		{028D5D51-31B3-40B6-B944-78290F769B37}.Debug|Any CPU.ActiveCfg = Debug|Any CPU
		{028D5D51-31B3-40B6-B944-78290F769B37}.Debug|Any CPU.Build.0 = Debug|Any CPU
		{028D5D51-31B3-40B6-B944-78290F769B37}.Release|Any CPU.ActiveCfg = Release|Any CPU
		{028D5D51-31B3-40B6-B944-78290F769B37}.Release|Any CPU.Build.0 = Release|Any CPU
	EndGlobalSection
	GlobalSection(SolutionProperties) = preSolution
		HideSolutionNode = FALSE
	EndGlobalSection
	GlobalSection(ExtensibilityGlobals) = postSolution
		SolutionGuid = {D30C4E4D-B199-442C-95EC-20199FF586FE}
	EndGlobalSection
EndGlobal
